{
  "name": "get-color-name",
  "version": "1.0.0",
  "lockfileVersion": 1,
  "requires": true,
  "dependencies": {
    "color-name-list": {
      "version": "5.28.0",
      "resolved": "https://registry.npmjs.org/color-name-list/-/color-name-list-5.28.0.tgz",
      "integrity": "sha512-LrrukbxAFEnH93E+bFNGMEVtqLRmRe7sXgFm1wo6ojZ/6plTTgdeGIfwx7Tg0lqbo9DzlbjnomeARUDuw89nNw=="
    },
    "nearest-color": {
      "version": "0.4.4",
      "resolved": "https://registry.npmjs.org/nearest-color/-/nearest-color-0.4.4.tgz",
      "integrity": "sha512-orhcaIORC10tf41Ld2wwlcC+FaAavHG87JHWB3eHH5p7v2k9Tzym2XNEZzLAm5YJwGv6Q38WWc7SOb+Qfu/4NQ=="
    }
  }
}
